
Microsoft Visual Studio Solution File, Format Version 12.00
# Visual Studio 15
VisualStudioVersion = 15.0.26228.9
MinimumVisualStudioVersion = 10.0.40219.1
Project("{8BC9CEB8-8B4A-11D0-8D11-00A0C91BC942}") = "GameEngine", "GameEngine\GameEngine.vcxproj", "{515C3E6C-5E4A-4E40-BBAB-AB2EF55E6ECD}"
EndProject
Global
	GlobalSection(SolutionConfigurationPlatforms) = preSolution
		Debug|Win32 = Debug|Win32
		Release|Win32 = Release|Win32
	EndGlobalSection
	GlobalSection(ProjectConfigurationPlatforms) = postSolution
		{515C3E6C-5E4A-4E40-BBAB-AB2EF55E6ECD}.Debug|Win32.ActiveCfg = Debug|Win32
		{515C3E6C-5E4A-4E40-BBAB-AB2EF55E6ECD}.Debug|Win32.Build.0 = Debug|Win32
		{515C3E6C-5E4A-4E40-BBAB-AB2EF55E6ECD}.Release|Win32.ActiveCfg = Release|Win32
		{515C3E6C-5E4A-4E40-BBAB-AB2EF55E6ECD}.Release|Win32.Build.0 = Release|Win32
	EndGlobalSection
	GlobalSection(SolutionProperties) = preSolution
		HideSolutionNode = FALSE
	EndGlobalSection
EndGlobal
